
Microsoft Visual Studio Solution File, Format Version 12.00
# Visual Studio Version 17
VisualStudioVersion = 17.9.34728.123
MinimumVisualStudioVersion = 10.0.40219.1
Project("{FAE04EC0-301F-11D3-BF4B-00C04F79EFBC}") = "Task_MVC", "Task_MVC.csproj", "{7CA37060-C96C-439D-94F5-09986EE15E17}"
EndProject
Global
	GlobalSection(SolutionConfigurationPlatforms) = preSolution
		Debug|Any CPU = Debug|Any CPU
		Release|Any CPU = Release|Any CPU
	EndGlobalSection
	GlobalSection(ProjectConfigurationPlatforms) = postSolution
		{7CA37060-C96C-439D-94F5-09986EE15E17}.Debug|Any CPU.ActiveCfg = Debug|Any CPU
		{7CA37060-C96C-439D-94F5-09986EE15E17}.Debug|Any CPU.Build.0 = Debug|Any CPU
		{7CA37060-C96C-439D-94F5-09986EE15E17}.Release|Any CPU.ActiveCfg = Release|Any CPU
		{7CA37060-C96C-439D-94F5-09986EE15E17}.Release|Any CPU.Build.0 = Release|Any CPU
	EndGlobalSection
	GlobalSection(SolutionProperties) = preSolution
		HideSolutionNode = FALSE
	EndGlobalSection
	GlobalSection(ExtensibilityGlobals) = postSolution
		SolutionGuid = {F38F1891-0D96-4925-A0C4-1F2186C5A672}
	EndGlobalSection
EndGlobal
